
Microsoft Visual Studio Solution File, Format Version 12.00
# Visual Studio Version 16
VisualStudioVersion = 16.0.31613.86
MinimumVisualStudioVersion = 10.0.40219.1
Project("{FAE04EC0-301F-11D3-BF4B-00C04F79EFBC}") = "DesposeDemo", "DesposeDemo.csproj", "{72D9E964-DBB2-44DB-B7A5-5E272EB60390}"
EndProject
Global
	GlobalSection(SolutionConfigurationPlatforms) = preSolution
		Debug|Any CPU = Debug|Any CPU
		Release|Any CPU = Release|Any CPU
	EndGlobalSection
	GlobalSection(ProjectConfigurationPlatforms) = postSolution
		{72D9E964-DBB2-44DB-B7A5-5E272EB60390}.Debug|Any CPU.ActiveCfg = Debug|Any CPU
		{72D9E964-DBB2-44DB-B7A5-5E272EB60390}.Debug|Any CPU.Build.0 = Debug|Any CPU
		{72D9E964-DBB2-44DB-B7A5-5E272EB60390}.Release|Any CPU.ActiveCfg = Release|Any CPU
		{72D9E964-DBB2-44DB-B7A5-5E272EB60390}.Release|Any CPU.Build.0 = Release|Any CPU
	EndGlobalSection
	GlobalSection(SolutionProperties) = preSolution
		HideSolutionNode = FALSE
	EndGlobalSection
	GlobalSection(ExtensibilityGlobals) = postSolution
		SolutionGuid = {E25BB574-9213-4B1F-873F-B0D76C190585}
	EndGlobalSection
EndGlobal
